
Microsoft Visual Studio Solution File, Format Version 12.00
# Visual Studio Version 17
VisualStudioVersion = 17.8.34227.203
MinimumVisualStudioVersion = 10.0.40219.1
Project("{2150E333-8FDC-42A3-9474-1A3956D46DE8}") = "Solution Items", "Solution Items", "{41240983-0CDD-4312-AB28-7FA8DE338126}"
	ProjectSection(SolutionItems) = preProject
		StyleCope.ruleset = StyleCope.ruleset
	EndProjectSection
EndProject
Project("{2150E333-8FDC-42A3-9474-1A3956D46DE8}") = "Examples", "Examples", "{D68226E5-B167-48D9-985C-B13CA6538634}"
EndProject
Project("{9A19103F-16F7-4668-BE54-9A1E7A4F7556}") = "SqlDatabase", "SqlDatabase\SqlDatabase.csproj", "{0A34B57C-291A-486B-8CD7-3AE55B6ACCD9}"
EndProject
Project("{9A19103F-16F7-4668-BE54-9A1E7A4F7556}") = "SqlDatabase.Test", "SqlDatabase.Test\SqlDatabase.Test.csproj", "{1B458B5B-D39C-4247-BFB9-A5D9B8D4D85C}"
EndProject
Project("{9A19103F-16F7-4668-BE54-9A1E7A4F7556}") = "CSharpMirationStep", "..\Examples\CSharpMirationStep\CSharpMirationStep.csproj", "{8FE68E2C-586F-4E22-BDA3-4E65473BC3D7}"
EndProject
Project("{9A19103F-16F7-4668-BE54-9A1E7A4F7556}") = "SqlDatabase.PowerShell", "SqlDatabase.PowerShell\SqlDatabase.PowerShell.csproj", "{47A4BE25-2B58-484C-956D-F1DF53A9269D}"
EndProject
Project("{9A19103F-16F7-4668-BE54-9A1E7A4F7556}") = "SqlDatabase.PowerShell.Test", "SqlDatabase.PowerShell.Test\SqlDatabase.PowerShell.Test.csproj", "{4F35E6D2-99FB-4B7B-90A5-3BFA936FB8CF}"
EndProject
Project("{9A19103F-16F7-4668-BE54-9A1E7A4F7556}") = "SqlDatabase.Package", "SqlDatabase.Package\SqlDatabase.Package.csproj", "{F986789D-F9B3-42B4-AA4B-4C0A63011F5D}"
EndProject
Project("{9A19103F-16F7-4668-BE54-9A1E7A4F7556}") = "SqlDatabase.FileSystem", "SqlDatabase.FileSystem\SqlDatabase.FileSystem.csproj", "{8BFF1266-C87C-4072-B16F-7A715D0A22B8}"
EndProject
Project("{9A19103F-16F7-4668-BE54-9A1E7A4F7556}") = "SqlDatabase.FileSystem.Test", "SqlDatabase.FileSystem.Test\SqlDatabase.FileSystem.Test.csproj", "{4334C327-A578-4247-B1CC-23A63B2CC7F2}"
EndProject
Project("{9A19103F-16F7-4668-BE54-9A1E7A4F7556}") = "SqlDatabase.TestApi", "SqlDatabase.TestApi\SqlDatabase.TestApi.csproj", "{8724A867-C5F5-4A7C-B414-D84AB9830AA0}"
EndProject
Project("{2150E333-8FDC-42A3-9474-1A3956D46DE8}") = "Tests", "Tests", "{6E9C8ACC-7A1B-47F4-B7C0-78DE8C931A08}"
EndProject
Project("{9A19103F-16F7-4668-BE54-9A1E7A4F7556}") = "SqlDatabase.Adapter", "SqlDatabase.Adapter\SqlDatabase.Adapter.csproj", "{CDC9677C-6205-402B-ADE2-C958B8A7DD24}"
EndProject
Project("{9A19103F-16F7-4668-BE54-9A1E7A4F7556}") = "SqlDatabase.Adapter.AssemblyScripts", "SqlDatabase.Adapter.AssemblyScripts\SqlDatabase.Adapter.AssemblyScripts.csproj", "{A5D5FEF3-6675-4E1A-9A7F-C3B3CDB3ACB5}"
EndProject
Project("{9A19103F-16F7-4668-BE54-9A1E7A4F7556}") = "SqlDatabase.Adapter.AssemblyScripts.Test", "SqlDatabase.Adapter.AssemblyScripts.Test\SqlDatabase.Adapter.AssemblyScripts.Test.csproj", "{68DC9F11-567F-4A51-85E6-4C87994F9FFF}"
EndProject
Project("{9A19103F-16F7-4668-BE54-9A1E7A4F7556}") = "SqlDatabase.Adapter.PowerShellScripts", "SqlDatabase.Adapter.PowerShellScripts\SqlDatabase.Adapter.PowerShellScripts.csproj", "{F8FEE835-4DFB-4143-BC93-EB7C50C951CB}"
EndProject
Project("{FAE04EC0-301F-11D3-BF4B-00C04F79EFBC}") = "SqlDatabase.Adapter.PowerShellScripts.Test", "SqlDatabase.Adapter.PowerShellScripts.Test\SqlDatabase.Adapter.PowerShellScripts.Test.csproj", "{4539721A-947F-4AD1-B007-EE695761B8F9}"
EndProject
Global
	GlobalSection(SolutionConfigurationPlatforms) = preSolution
		Debug|Any CPU = Debug|Any CPU
		Release|Any CPU = Release|Any CPU
	EndGlobalSection
	GlobalSection(ProjectConfigurationPlatforms) = postSolution
		{0A34B57C-291A-486B-8CD7-3AE55B6ACCD9}.Debug|Any CPU.ActiveCfg = Debug|Any CPU
		{0A34B57C-291A-486B-8CD7-3AE55B6ACCD9}.Debug|Any CPU.Build.0 = Debug|Any CPU
		{0A34B57C-291A-486B-8CD7-3AE55B6ACCD9}.Release|Any CPU.ActiveCfg = Release|Any CPU
		{0A34B57C-291A-486B-8CD7-3AE55B6ACCD9}.Release|Any CPU.Build.0 = Release|Any CPU
		{1B458B5B-D39C-4247-BFB9-A5D9B8D4D85C}.Debug|Any CPU.ActiveCfg = Debug|Any CPU
		{1B458B5B-D39C-4247-BFB9-A5D9B8D4D85C}.Debug|Any CPU.Build.0 = Debug|Any CPU
		{1B458B5B-D39C-4247-BFB9-A5D9B8D4D85C}.Release|Any CPU.ActiveCfg = Release|Any CPU
		{1B458B5B-D39C-4247-BFB9-A5D9B8D4D85C}.Release|Any CPU.Build.0 = Release|Any CPU
		{8FE68E2C-586F-4E22-BDA3-4E65473BC3D7}.Debug|Any CPU.ActiveCfg = Debug|Any CPU
		{8FE68E2C-586F-4E22-BDA3-4E65473BC3D7}.Debug|Any CPU.Build.0 = Debug|Any CPU
		{8FE68E2C-586F-4E22-BDA3-4E65473BC3D7}.Release|Any CPU.ActiveCfg = Release|Any CPU
		{8FE68E2C-586F-4E22-BDA3-4E65473BC3D7}.Release|Any CPU.Build.0 = Release|Any CPU
		{47A4BE25-2B58-484C-956D-F1DF53A9269D}.Debug|Any CPU.ActiveCfg = Debug|Any CPU
		{47A4BE25-2B58-484C-956D-F1DF53A9269D}.Debug|Any CPU.Build.0 = Debug|Any CPU
		{47A4BE25-2B58-484C-956D-F1DF53A9269D}.Release|Any CPU.ActiveCfg = Release|Any CPU
		{47A4BE25-2B58-484C-956D-F1DF53A9269D}.Release|Any CPU.Build.0 = Release|Any CPU
		{4F35E6D2-99FB-4B7B-90A5-3BFA936FB8CF}.Debug|Any CPU.ActiveCfg = Debug|Any CPU
		{4F35E6D2-99FB-4B7B-90A5-3BFA936FB8CF}.Debug|Any CPU.Build.0 = Debug|Any CPU
		{4F35E6D2-99FB-4B7B-90A5-3BFA936FB8CF}.Release|Any CPU.ActiveCfg = Release|Any CPU
		{4F35E6D2-99FB-4B7B-90A5-3BFA936FB8CF}.Release|Any CPU.Build.0 = Release|Any CPU
		{F986789D-F9B3-42B4-AA4B-4C0A63011F5D}.Debug|Any CPU.ActiveCfg = Debug|Any CPU
		{F986789D-F9B3-42B4-AA4B-4C0A63011F5D}.Debug|Any CPU.Build.0 = Debug|Any CPU
		{F986789D-F9B3-42B4-AA4B-4C0A63011F5D}.Release|Any CPU.ActiveCfg = Release|Any CPU
		{F986789D-F9B3-42B4-AA4B-4C0A63011F5D}.Release|Any CPU.Build.0 = Release|Any CPU
		{8BFF1266-C87C-4072-B16F-7A715D0A22B8}.Debug|Any CPU.ActiveCfg = Debug|Any CPU
		{8BFF1266-C87C-4072-B16F-7A715D0A22B8}.Debug|Any CPU.Build.0 = Debug|Any CPU
		{8BFF1266-C87C-4072-B16F-7A715D0A22B8}.Release|Any CPU.ActiveCfg = Release|Any CPU
		{8BFF1266-C87C-4072-B16F-7A715D0A22B8}.Release|Any CPU.Build.0 = Release|Any CPU
		{4334C327-A578-4247-B1CC-23A63B2CC7F2}.Debug|Any CPU.ActiveCfg = Debug|Any CPU
		{4334C327-A578-4247-B1CC-23A63B2CC7F2}.Debug|Any CPU.Build.0 = Debug|Any CPU
		{4334C327-A578-4247-B1CC-23A63B2CC7F2}.Release|Any CPU.ActiveCfg = Release|Any CPU
		{4334C327-A578-4247-B1CC-23A63B2CC7F2}.Release|Any CPU.Build.0 = Release|Any CPU
		{8724A867-C5F5-4A7C-B414-D84AB9830AA0}.Debug|Any CPU.ActiveCfg = Debug|Any CPU
		{8724A867-C5F5-4A7C-B414-D84AB9830AA0}.Debug|Any CPU.Build.0 = Debug|Any CPU
		{8724A867-C5F5-4A7C-B414-D84AB9830AA0}.Release|Any CPU.ActiveCfg = Release|Any CPU
		{8724A867-C5F5-4A7C-B414-D84AB9830AA0}.Release|Any CPU.Build.0 = Release|Any CPU
		{CDC9677C-6205-402B-ADE2-C958B8A7DD24}.Debug|Any CPU.ActiveCfg = Debug|Any CPU
		{CDC9677C-6205-402B-ADE2-C958B8A7DD24}.Debug|Any CPU.Build.0 = Debug|Any CPU
		{CDC9677C-6205-402B-ADE2-C958B8A7DD24}.Release|Any CPU.ActiveCfg = Release|Any CPU
		{CDC9677C-6205-402B-ADE2-C958B8A7DD24}.Release|Any CPU.Build.0 = Release|Any CPU
		{A5D5FEF3-6675-4E1A-9A7F-C3B3CDB3ACB5}.Debug|Any CPU.ActiveCfg = Debug|Any CPU
		{A5D5FEF3-6675-4E1A-9A7F-C3B3CDB3ACB5}.Debug|Any CPU.Build.0 = Debug|Any CPU
		{A5D5FEF3-6675-4E1A-9A7F-C3B3CDB3ACB5}.Release|Any CPU.ActiveCfg = Release|Any CPU
		{A5D5FEF3-6675-4E1A-9A7F-C3B3CDB3ACB5}.Release|Any CPU.Build.0 = Release|Any CPU
		{68DC9F11-567F-4A51-85E6-4C87994F9FFF}.Debug|Any CPU.ActiveCfg = Debug|Any CPU
		{68DC9F11-567F-4A51-85E6-4C87994F9FFF}.Debug|Any CPU.Build.0 = Debug|Any CPU
		{68DC9F11-567F-4A51-85E6-4C87994F9FFF}.Release|Any CPU.ActiveCfg = Release|Any CPU
		{68DC9F11-567F-4A51-85E6-4C87994F9FFF}.Release|Any CPU.Build.0 = Release|Any CPU
		{F8FEE835-4DFB-4143-BC93-EB7C50C951CB}.Debug|Any CPU.ActiveCfg = Debug|Any CPU
		{F8FEE835-4DFB-4143-BC93-EB7C50C951CB}.Debug|Any CPU.Build.0 = Debug|Any CPU
		{F8FEE835-4DFB-4143-BC93-EB7C50C951CB}.Release|Any CPU.ActiveCfg = Release|Any CPU
		{F8FEE835-4DFB-4143-BC93-EB7C50C951CB}.Release|Any CPU.Build.0 = Release|Any CPU
		{4539721A-947F-4AD1-B007-EE695761B8F9}.Debug|Any CPU.ActiveCfg = Debug|Any CPU
		{4539721A-947F-4AD1-B007-EE695761B8F9}.Debug|Any CPU.Build.0 = Debug|Any CPU
		{4539721A-947F-4AD1-B007-EE695761B8F9}.Release|Any CPU.ActiveCfg = Release|Any CPU
		{4539721A-947F-4AD1-B007-EE695761B8F9}.Release|Any CPU.Build.0 = Release|Any CPU
	EndGlobalSection
	GlobalSection(SolutionProperties) = preSolution
		HideSolutionNode = FALSE
	EndGlobalSection
	GlobalSection(NestedProjects) = preSolution
		{1B458B5B-D39C-4247-BFB9-A5D9B8D4D85C} = {6E9C8ACC-7A1B-47F4-B7C0-78DE8C931A08}
		{8FE68E2C-586F-4E22-BDA3-4E65473BC3D7} = {D68226E5-B167-48D9-985C-B13CA6538634}
		{4F35E6D2-99FB-4B7B-90A5-3BFA936FB8CF} = {6E9C8ACC-7A1B-47F4-B7C0-78DE8C931A08}
		{4334C327-A578-4247-B1CC-23A63B2CC7F2} = {6E9C8ACC-7A1B-47F4-B7C0-78DE8C931A08}
		{8724A867-C5F5-4A7C-B414-D84AB9830AA0} = {6E9C8ACC-7A1B-47F4-B7C0-78DE8C931A08}
		{68DC9F11-567F-4A51-85E6-4C87994F9FFF} = {6E9C8ACC-7A1B-47F4-B7C0-78DE8C931A08}
		{4539721A-947F-4AD1-B007-EE695761B8F9} = {6E9C8ACC-7A1B-47F4-B7C0-78DE8C931A08}
	EndGlobalSection
	GlobalSection(ExtensibilityGlobals) = postSolution
		SolutionGuid = {CFDC1B98-55BE-40C3-BF95-A2BA8182DC40}
	EndGlobalSection
EndGlobal
