
Microsoft Visual Studio Solution File, Format Version 12.00
# Visual Studio Version 17
VisualStudioVersion = 17.8.34227.203
MinimumVisualStudioVersion = 10.0.40219.1
Project("{2150E333-8FDC-42A3-9474-1A3956D46DE8}") = "Solution Items", "Solution Items", "{41240983-0CDD-4312-AB28-7FA8DE338126}"
	ProjectSection(SolutionItems) = preProject
		StyleCope.ruleset = StyleCope.ruleset
	EndProjectSection
EndProject
Project("{2150E333-8FDC-42A3-9474-1A3956D46DE8}") = "Examples", "Examples", "{D68226E5-B167-48D9-985C-B13CA6538634}"
EndProject
Project("{9A19103F-16F7-4668-BE54-9A1E7A4F7556}") = "SqlDatabase", "SqlDatabase\SqlDatabase.csproj", "{0A34B57C-291A-486B-8CD7-3AE55B6ACCD9}"
EndProject
Project("{9A19103F-16F7-4668-BE54-9A1E7A4F7556}") = "SqlDatabase.Test", "SqlDatabase.Test\SqlDatabase.Test.csproj", "{1B458B5B-D39C-4247-BFB9-A5D9B8D4D85C}"
EndProject
Project("{9A19103F-16F7-4668-BE54-9A1E7A4F7556}") = "CSharpMirationStep", "..\Examples\CSharpMirationStep\CSharpMirationStep.csproj", "{8FE68E2C-586F-4E22-BDA3-4E65473BC3D7}"
EndProject
Project("{9A19103F-16F7-4668-BE54-9A1E7A4F7556}") = "SqlDatabase.PowerShell", "SqlDatabase.PowerShell\SqlDatabase.PowerShell.csproj", "{47A4BE25-2B58-484C-956D-F1DF53A9269D}"
EndProject
Project("{9A19103F-16F7-4668-BE54-9A1E7A4F7556}") = "SqlDatabase.PowerShell.Test", "SqlDatabase.PowerShell.Test\SqlDatabase.PowerShell.Test.csproj", "{4F35E6D2-99FB-4B7B-90A5-3BFA936FB8CF}"
EndProject
Project("{9A19103F-16F7-4668-BE54-9A1E7A4F7556}") = "SqlDatabase.Package", "SqlDatabase.Package\SqlDatabase.Package.csproj", "{F986789D-F9B3-42B4-AA4B-4C0A63011F5D}"
EndProject
Project("{9A19103F-16F7-4668-BE54-9A1E7A4F7556}") = "SqlDatabase.FileSystem", "SqlDatabase.FileSystem\SqlDatabase.FileSystem.csproj", "{8BFF1266-C87C-4072-B16F-7A715D0A22B8}"
EndProject
Project("{9A19103F-16F7-4668-BE54-9A1E7A4F7556}") = "SqlDatabase.FileSystem.Test", "SqlDatabase.FileSystem.Test\SqlDatabase.FileSystem.Test.csproj", "{4334C327-A578-4247-B1CC-23A63B2CC7F2}"
EndProject
Project("{9A19103F-16F7-4668-BE54-9A1E7A4F7556}") = "SqlDatabase.TestApi", "SqlDatabase.TestApi\SqlDatabase.TestApi.csproj", "{8724A867-C5F5-4A7C-B414-D84AB9830AA0}"
EndProject
Project("{2150E333-8FDC-42A3-9474-1A3956D46DE8}") = "Tests", "Tests", "{6E9C8ACC-7A1B-47F4-B7C0-78DE8C931A08}"
EndProject
Project("{9A19103F-16F7-4668-BE54-9A1E7A4F7556}") = "SqlDatabase.Adapter", "SqlDatabase.Adapter\SqlDatabase.Adapter.csproj", "{CDC9677C-6205-402B-ADE2-C958B8A7DD24}"
EndProject
Project("{9A19103F-16F7-4668-BE54-9A1E7A4F7556}") = "SqlDatabase.Adapter.AssemblyScripts", "SqlDatabase.Adapter.AssemblyScripts\SqlDatabase.Adapter.AssemblyScripts.csproj", "{A5D5FEF3-6675-4E1A-9A7F-C3B3CDB3ACB5}"
EndProject
Project("{9A19103F-16F7-4668-BE54-9A1E7A4F7556}") = "SqlDatabase.Adapter.AssemblyScripts.Test", "SqlDatabase.Adapter.AssemblyScripts.Test\SqlDatabase.Adapter.AssemblyScripts.Test.csproj", "{68DC9F11-567F-4A51-85E6-4C87994F9FFF}"
EndProject
Project("{9A19103F-16F7-4668-BE54-9A1E7A4F7556}") = "SqlDatabase.Adapter.PowerShellScripts", "SqlDatabase.Adapter.PowerShellScripts\SqlDatabase.Adapter.PowerShellScripts.csproj", "{F8FEE835-4DFB-4143-BC93-EB7C50C951CB}"
EndProject
Project("{9A19103F-16F7-4668-BE54-9A1E7A4F7556}") = "SqlDatabase.Adapter.PowerShellScripts.Test", "SqlDatabase.Adapter.PowerShellScripts.Test\SqlDatabase.Adapter.PowerShellScripts.Test.csproj", "{4539721A-947F-4AD1-B007-EE695761B8F9}"
EndProject
Project("{9A19103F-16F7-4668-BE54-9A1E7A4F7556}") = "SqlDatabase.Sequence", "SqlDatabase.Sequence\SqlDatabase.Sequence.csproj", "{AB3E3C7B-1475-4967-84DA-970D663D6FA3}"
EndProject
Project("{9A19103F-16F7-4668-BE54-9A1E7A4F7556}") = "SqlDatabase.Sequence.Test", "SqlDatabase.Sequence.Test\SqlDatabase.Sequence.Test.csproj", "{1C4B4036-9C17-49AD-B087-A4D044296D1A}"
EndProject
Project("{9A19103F-16F7-4668-BE54-9A1E7A4F7556}") = "SqlDatabase.Adapter.MsSql", "SqlDatabase.Adapter.MsSql\SqlDatabase.Adapter.MsSql.csproj", "{D45B3C71-75DF-4613-B0CD-356C7998BE27}"
EndProject
Project("{9A19103F-16F7-4668-BE54-9A1E7A4F7556}") = "SqlDatabase.Adapter.MsSql.Test", "SqlDatabase.Adapter.MsSql.Test\SqlDatabase.Adapter.MsSql.Test.csproj", "{93FBF3ED-A6F3-4EBF-8779-A398D6654C03}"
EndProject
Project("{9A19103F-16F7-4668-BE54-9A1E7A4F7556}") = "SqlDatabase.Adapter.Sql", "SqlDatabase.Adapter.Sql\SqlDatabase.Adapter.Sql.csproj", "{267D99B6-4882-4ECE-8EEC-A15216D97692}"
EndProject
Project("{9A19103F-16F7-4668-BE54-9A1E7A4F7556}") = "SqlDatabase.Adapter.Sql.Test", "SqlDatabase.Adapter.Sql.Test\SqlDatabase.Adapter.Sql.Test.csproj", "{74003456-8C80-402A-AD68-24B02350ADDC}"
EndProject
Project("{9A19103F-16F7-4668-BE54-9A1E7A4F7556}") = "SqlDatabase.Adapter.PgSql", "SqlDatabase.Adapter.PgSql\SqlDatabase.Adapter.PgSql.csproj", "{B6CB9CE4-ECA7-40AC-8926-AE2CBCCDB172}"
EndProject
Project("{9A19103F-16F7-4668-BE54-9A1E7A4F7556}") = "SqlDatabase.Adapter.PgSql.Test", "SqlDatabase.Adapter.PgSql.Test\SqlDatabase.Adapter.PgSql.Test.csproj", "{33749EF7-49CE-4564-BF9D-5713806CC646}"
EndProject
Project("{9A19103F-16F7-4668-BE54-9A1E7A4F7556}") = "SqlDatabase.Adapter.MySql", "SqlDatabase.Adapter.MySql\SqlDatabase.Adapter.MySql.csproj", "{49B103C8-958D-41B2-AB22-EDF029947AB1}"
EndProject
Project("{9A19103F-16F7-4668-BE54-9A1E7A4F7556}") = "SqlDatabase.Adapter.MySql.Test", "SqlDatabase.Adapter.MySql.Test\SqlDatabase.Adapter.MySql.Test.csproj", "{D017ECF1-F2E3-4EAF-970B-F46991AD86F6}"
EndProject
Project("{9A19103F-16F7-4668-BE54-9A1E7A4F7556}") = "SqlDatabase.Configuration", "SqlDatabase.Configuration\SqlDatabase.Configuration.csproj", "{A351BD5C-F646-42BB-A1E0-EA63E88934D9}"
EndProject
Project("{9A19103F-16F7-4668-BE54-9A1E7A4F7556}") = "SqlDatabase.Configuration.Test", "SqlDatabase.Configuration.Test\SqlDatabase.Configuration.Test.csproj", "{1D6B0790-DE5A-4057-AC65-76FA2E7EF198}"
EndProject
Project("{FAE04EC0-301F-11D3-BF4B-00C04F79EFBC}") = "SqlDatabase.CommandLine", "SqlDatabase.CommandLine\SqlDatabase.CommandLine.csproj", "{627ED9FC-20A6-48EF-90D7-7888397CF712}"
EndProject
Project("{FAE04EC0-301F-11D3-BF4B-00C04F79EFBC}") = "SqlDatabase.CommandLine.Test", "SqlDatabase.CommandLine.Test\SqlDatabase.CommandLine.Test.csproj", "{E0ACD46D-CE78-4B04-B0F7-110ACE118EAD}"
EndProject
Project("{FAE04EC0-301F-11D3-BF4B-00C04F79EFBC}") = "SqlDatabase.PowerShell.Internal", "SqlDatabase.PowerShell.Internal\SqlDatabase.PowerShell.Internal.csproj", "{87EE2F0A-DF01-4035-B202-BE5F96C09FFA}"
EndProject
Global
	GlobalSection(SolutionConfigurationPlatforms) = preSolution
		Debug|Any CPU = Debug|Any CPU
		Release|Any CPU = Release|Any CPU
	EndGlobalSection
	GlobalSection(ProjectConfigurationPlatforms) = postSolution
		{0A34B57C-291A-486B-8CD7-3AE55B6ACCD9}.Debug|Any CPU.ActiveCfg = Debug|Any CPU
		{0A34B57C-291A-486B-8CD7-3AE55B6ACCD9}.Debug|Any CPU.Build.0 = Debug|Any CPU
		{0A34B57C-291A-486B-8CD7-3AE55B6ACCD9}.Release|Any CPU.ActiveCfg = Release|Any CPU
		{0A34B57C-291A-486B-8CD7-3AE55B6ACCD9}.Release|Any CPU.Build.0 = Release|Any CPU
		{1B458B5B-D39C-4247-BFB9-A5D9B8D4D85C}.Debug|Any CPU.ActiveCfg = Debug|Any CPU
		{1B458B5B-D39C-4247-BFB9-A5D9B8D4D85C}.Debug|Any CPU.Build.0 = Debug|Any CPU
		{1B458B5B-D39C-4247-BFB9-A5D9B8D4D85C}.Release|Any CPU.ActiveCfg = Release|Any CPU
		{1B458B5B-D39C-4247-BFB9-A5D9B8D4D85C}.Release|Any CPU.Build.0 = Release|Any CPU
		{8FE68E2C-586F-4E22-BDA3-4E65473BC3D7}.Debug|Any CPU.ActiveCfg = Debug|Any CPU
		{8FE68E2C-586F-4E22-BDA3-4E65473BC3D7}.Debug|Any CPU.Build.0 = Debug|Any CPU
		{8FE68E2C-586F-4E22-BDA3-4E65473BC3D7}.Release|Any CPU.ActiveCfg = Release|Any CPU
		{8FE68E2C-586F-4E22-BDA3-4E65473BC3D7}.Release|Any CPU.Build.0 = Release|Any CPU
		{47A4BE25-2B58-484C-956D-F1DF53A9269D}.Debug|Any CPU.ActiveCfg = Debug|Any CPU
		{47A4BE25-2B58-484C-956D-F1DF53A9269D}.Debug|Any CPU.Build.0 = Debug|Any CPU
		{47A4BE25-2B58-484C-956D-F1DF53A9269D}.Release|Any CPU.ActiveCfg = Release|Any CPU
		{47A4BE25-2B58-484C-956D-F1DF53A9269D}.Release|Any CPU.Build.0 = Release|Any CPU
		{4F35E6D2-99FB-4B7B-90A5-3BFA936FB8CF}.Debug|Any CPU.ActiveCfg = Debug|Any CPU
		{4F35E6D2-99FB-4B7B-90A5-3BFA936FB8CF}.Debug|Any CPU.Build.0 = Debug|Any CPU
		{4F35E6D2-99FB-4B7B-90A5-3BFA936FB8CF}.Release|Any CPU.ActiveCfg = Release|Any CPU
		{4F35E6D2-99FB-4B7B-90A5-3BFA936FB8CF}.Release|Any CPU.Build.0 = Release|Any CPU
		{F986789D-F9B3-42B4-AA4B-4C0A63011F5D}.Debug|Any CPU.ActiveCfg = Debug|Any CPU
		{F986789D-F9B3-42B4-AA4B-4C0A63011F5D}.Debug|Any CPU.Build.0 = Debug|Any CPU
		{F986789D-F9B3-42B4-AA4B-4C0A63011F5D}.Release|Any CPU.ActiveCfg = Release|Any CPU
		{F986789D-F9B3-42B4-AA4B-4C0A63011F5D}.Release|Any CPU.Build.0 = Release|Any CPU
		{8BFF1266-C87C-4072-B16F-7A715D0A22B8}.Debug|Any CPU.ActiveCfg = Debug|Any CPU
		{8BFF1266-C87C-4072-B16F-7A715D0A22B8}.Debug|Any CPU.Build.0 = Debug|Any CPU
		{8BFF1266-C87C-4072-B16F-7A715D0A22B8}.Release|Any CPU.ActiveCfg = Release|Any CPU
		{8BFF1266-C87C-4072-B16F-7A715D0A22B8}.Release|Any CPU.Build.0 = Release|Any CPU
		{4334C327-A578-4247-B1CC-23A63B2CC7F2}.Debug|Any CPU.ActiveCfg = Debug|Any CPU
		{4334C327-A578-4247-B1CC-23A63B2CC7F2}.Debug|Any CPU.Build.0 = Debug|Any CPU
		{4334C327-A578-4247-B1CC-23A63B2CC7F2}.Release|Any CPU.ActiveCfg = Release|Any CPU
		{4334C327-A578-4247-B1CC-23A63B2CC7F2}.Release|Any CPU.Build.0 = Release|Any CPU
		{8724A867-C5F5-4A7C-B414-D84AB9830AA0}.Debug|Any CPU.ActiveCfg = Debug|Any CPU
		{8724A867-C5F5-4A7C-B414-D84AB9830AA0}.Debug|Any CPU.Build.0 = Debug|Any CPU
		{8724A867-C5F5-4A7C-B414-D84AB9830AA0}.Release|Any CPU.ActiveCfg = Release|Any CPU
		{8724A867-C5F5-4A7C-B414-D84AB9830AA0}.Release|Any CPU.Build.0 = Release|Any CPU
		{CDC9677C-6205-402B-ADE2-C958B8A7DD24}.Debug|Any CPU.ActiveCfg = Debug|Any CPU
		{CDC9677C-6205-402B-ADE2-C958B8A7DD24}.Debug|Any CPU.Build.0 = Debug|Any CPU
		{CDC9677C-6205-402B-ADE2-C958B8A7DD24}.Release|Any CPU.ActiveCfg = Release|Any CPU
		{CDC9677C-6205-402B-ADE2-C958B8A7DD24}.Release|Any CPU.Build.0 = Release|Any CPU
		{A5D5FEF3-6675-4E1A-9A7F-C3B3CDB3ACB5}.Debug|Any CPU.ActiveCfg = Debug|Any CPU
		{A5D5FEF3-6675-4E1A-9A7F-C3B3CDB3ACB5}.Debug|Any CPU.Build.0 = Debug|Any CPU
		{A5D5FEF3-6675-4E1A-9A7F-C3B3CDB3ACB5}.Release|Any CPU.ActiveCfg = Release|Any CPU
		{A5D5FEF3-6675-4E1A-9A7F-C3B3CDB3ACB5}.Release|Any CPU.Build.0 = Release|Any CPU
		{68DC9F11-567F-4A51-85E6-4C87994F9FFF}.Debug|Any CPU.ActiveCfg = Debug|Any CPU
		{68DC9F11-567F-4A51-85E6-4C87994F9FFF}.Debug|Any CPU.Build.0 = Debug|Any CPU
		{68DC9F11-567F-4A51-85E6-4C87994F9FFF}.Release|Any CPU.ActiveCfg = Release|Any CPU
		{68DC9F11-567F-4A51-85E6-4C87994F9FFF}.Release|Any CPU.Build.0 = Release|Any CPU
		{F8FEE835-4DFB-4143-BC93-EB7C50C951CB}.Debug|Any CPU.ActiveCfg = Debug|Any CPU
		{F8FEE835-4DFB-4143-BC93-EB7C50C951CB}.Debug|Any CPU.Build.0 = Debug|Any CPU
		{F8FEE835-4DFB-4143-BC93-EB7C50C951CB}.Release|Any CPU.ActiveCfg = Release|Any CPU
		{F8FEE835-4DFB-4143-BC93-EB7C50C951CB}.Release|Any CPU.Build.0 = Release|Any CPU
		{4539721A-947F-4AD1-B007-EE695761B8F9}.Debug|Any CPU.ActiveCfg = Debug|Any CPU
		{4539721A-947F-4AD1-B007-EE695761B8F9}.Debug|Any CPU.Build.0 = Debug|Any CPU
		{4539721A-947F-4AD1-B007-EE695761B8F9}.Release|Any CPU.ActiveCfg = Release|Any CPU
		{4539721A-947F-4AD1-B007-EE695761B8F9}.Release|Any CPU.Build.0 = Release|Any CPU
		{AB3E3C7B-1475-4967-84DA-970D663D6FA3}.Debug|Any CPU.ActiveCfg = Debug|Any CPU
		{AB3E3C7B-1475-4967-84DA-970D663D6FA3}.Debug|Any CPU.Build.0 = Debug|Any CPU
		{AB3E3C7B-1475-4967-84DA-970D663D6FA3}.Release|Any CPU.ActiveCfg = Release|Any CPU
		{AB3E3C7B-1475-4967-84DA-970D663D6FA3}.Release|Any CPU.Build.0 = Release|Any CPU
		{1C4B4036-9C17-49AD-B087-A4D044296D1A}.Debug|Any CPU.ActiveCfg = Debug|Any CPU
		{1C4B4036-9C17-49AD-B087-A4D044296D1A}.Debug|Any CPU.Build.0 = Debug|Any CPU
		{1C4B4036-9C17-49AD-B087-A4D044296D1A}.Release|Any CPU.ActiveCfg = Release|Any CPU
		{1C4B4036-9C17-49AD-B087-A4D044296D1A}.Release|Any CPU.Build.0 = Release|Any CPU
		{D45B3C71-75DF-4613-B0CD-356C7998BE27}.Debug|Any CPU.ActiveCfg = Debug|Any CPU
		{D45B3C71-75DF-4613-B0CD-356C7998BE27}.Debug|Any CPU.Build.0 = Debug|Any CPU
		{D45B3C71-75DF-4613-B0CD-356C7998BE27}.Release|Any CPU.ActiveCfg = Release|Any CPU
		{D45B3C71-75DF-4613-B0CD-356C7998BE27}.Release|Any CPU.Build.0 = Release|Any CPU
		{93FBF3ED-A6F3-4EBF-8779-A398D6654C03}.Debug|Any CPU.ActiveCfg = Debug|Any CPU
		{93FBF3ED-A6F3-4EBF-8779-A398D6654C03}.Debug|Any CPU.Build.0 = Debug|Any CPU
		{93FBF3ED-A6F3-4EBF-8779-A398D6654C03}.Release|Any CPU.ActiveCfg = Release|Any CPU
		{93FBF3ED-A6F3-4EBF-8779-A398D6654C03}.Release|Any CPU.Build.0 = Release|Any CPU
		{267D99B6-4882-4ECE-8EEC-A15216D97692}.Debug|Any CPU.ActiveCfg = Debug|Any CPU
		{267D99B6-4882-4ECE-8EEC-A15216D97692}.Debug|Any CPU.Build.0 = Debug|Any CPU
		{267D99B6-4882-4ECE-8EEC-A15216D97692}.Release|Any CPU.ActiveCfg = Release|Any CPU
		{267D99B6-4882-4ECE-8EEC-A15216D97692}.Release|Any CPU.Build.0 = Release|Any CPU
		{74003456-8C80-402A-AD68-24B02350ADDC}.Debug|Any CPU.ActiveCfg = Debug|Any CPU
		{74003456-8C80-402A-AD68-24B02350ADDC}.Debug|Any CPU.Build.0 = Debug|Any CPU
		{74003456-8C80-402A-AD68-24B02350ADDC}.Release|Any CPU.ActiveCfg = Release|Any CPU
		{74003456-8C80-402A-AD68-24B02350ADDC}.Release|Any CPU.Build.0 = Release|Any CPU
		{B6CB9CE4-ECA7-40AC-8926-AE2CBCCDB172}.Debug|Any CPU.ActiveCfg = Debug|Any CPU
		{B6CB9CE4-ECA7-40AC-8926-AE2CBCCDB172}.Debug|Any CPU.Build.0 = Debug|Any CPU
		{B6CB9CE4-ECA7-40AC-8926-AE2CBCCDB172}.Release|Any CPU.ActiveCfg = Release|Any CPU
		{B6CB9CE4-ECA7-40AC-8926-AE2CBCCDB172}.Release|Any CPU.Build.0 = Release|Any CPU
		{33749EF7-49CE-4564-BF9D-5713806CC646}.Debug|Any CPU.ActiveCfg = Debug|Any CPU
		{33749EF7-49CE-4564-BF9D-5713806CC646}.Debug|Any CPU.Build.0 = Debug|Any CPU
		{33749EF7-49CE-4564-BF9D-5713806CC646}.Release|Any CPU.ActiveCfg = Release|Any CPU
		{33749EF7-49CE-4564-BF9D-5713806CC646}.Release|Any CPU.Build.0 = Release|Any CPU
		{49B103C8-958D-41B2-AB22-EDF029947AB1}.Debug|Any CPU.ActiveCfg = Debug|Any CPU
		{49B103C8-958D-41B2-AB22-EDF029947AB1}.Debug|Any CPU.Build.0 = Debug|Any CPU
		{49B103C8-958D-41B2-AB22-EDF029947AB1}.Release|Any CPU.ActiveCfg = Release|Any CPU
		{49B103C8-958D-41B2-AB22-EDF029947AB1}.Release|Any CPU.Build.0 = Release|Any CPU
		{D017ECF1-F2E3-4EAF-970B-F46991AD86F6}.Debug|Any CPU.ActiveCfg = Debug|Any CPU
		{D017ECF1-F2E3-4EAF-970B-F46991AD86F6}.Debug|Any CPU.Build.0 = Debug|Any CPU
		{D017ECF1-F2E3-4EAF-970B-F46991AD86F6}.Release|Any CPU.ActiveCfg = Release|Any CPU
		{D017ECF1-F2E3-4EAF-970B-F46991AD86F6}.Release|Any CPU.Build.0 = Release|Any CPU
		{A351BD5C-F646-42BB-A1E0-EA63E88934D9}.Debug|Any CPU.ActiveCfg = Debug|Any CPU
		{A351BD5C-F646-42BB-A1E0-EA63E88934D9}.Debug|Any CPU.Build.0 = Debug|Any CPU
		{A351BD5C-F646-42BB-A1E0-EA63E88934D9}.Release|Any CPU.ActiveCfg = Release|Any CPU
		{A351BD5C-F646-42BB-A1E0-EA63E88934D9}.Release|Any CPU.Build.0 = Release|Any CPU
		{1D6B0790-DE5A-4057-AC65-76FA2E7EF198}.Debug|Any CPU.ActiveCfg = Debug|Any CPU
		{1D6B0790-DE5A-4057-AC65-76FA2E7EF198}.Debug|Any CPU.Build.0 = Debug|Any CPU
		{1D6B0790-DE5A-4057-AC65-76FA2E7EF198}.Release|Any CPU.ActiveCfg = Release|Any CPU
		{1D6B0790-DE5A-4057-AC65-76FA2E7EF198}.Release|Any CPU.Build.0 = Release|Any CPU
		{627ED9FC-20A6-48EF-90D7-7888397CF712}.Debug|Any CPU.ActiveCfg = Debug|Any CPU
		{627ED9FC-20A6-48EF-90D7-7888397CF712}.Debug|Any CPU.Build.0 = Debug|Any CPU
		{627ED9FC-20A6-48EF-90D7-7888397CF712}.Release|Any CPU.ActiveCfg = Release|Any CPU
		{627ED9FC-20A6-48EF-90D7-7888397CF712}.Release|Any CPU.Build.0 = Release|Any CPU
		{E0ACD46D-CE78-4B04-B0F7-110ACE118EAD}.Debug|Any CPU.ActiveCfg = Debug|Any CPU
		{E0ACD46D-CE78-4B04-B0F7-110ACE118EAD}.Debug|Any CPU.Build.0 = Debug|Any CPU
		{E0ACD46D-CE78-4B04-B0F7-110ACE118EAD}.Release|Any CPU.ActiveCfg = Release|Any CPU
		{E0ACD46D-CE78-4B04-B0F7-110ACE118EAD}.Release|Any CPU.Build.0 = Release|Any CPU
		{87EE2F0A-DF01-4035-B202-BE5F96C09FFA}.Debug|Any CPU.ActiveCfg = Debug|Any CPU
		{87EE2F0A-DF01-4035-B202-BE5F96C09FFA}.Debug|Any CPU.Build.0 = Debug|Any CPU
		{87EE2F0A-DF01-4035-B202-BE5F96C09FFA}.Release|Any CPU.ActiveCfg = Release|Any CPU
		{87EE2F0A-DF01-4035-B202-BE5F96C09FFA}.Release|Any CPU.Build.0 = Release|Any CPU
	EndGlobalSection
	GlobalSection(SolutionProperties) = preSolution
		HideSolutionNode = FALSE
	EndGlobalSection
	GlobalSection(NestedProjects) = preSolution
		{1B458B5B-D39C-4247-BFB9-A5D9B8D4D85C} = {6E9C8ACC-7A1B-47F4-B7C0-78DE8C931A08}
		{8FE68E2C-586F-4E22-BDA3-4E65473BC3D7} = {D68226E5-B167-48D9-985C-B13CA6538634}
		{4F35E6D2-99FB-4B7B-90A5-3BFA936FB8CF} = {6E9C8ACC-7A1B-47F4-B7C0-78DE8C931A08}
		{4334C327-A578-4247-B1CC-23A63B2CC7F2} = {6E9C8ACC-7A1B-47F4-B7C0-78DE8C931A08}
		{8724A867-C5F5-4A7C-B414-D84AB9830AA0} = {6E9C8ACC-7A1B-47F4-B7C0-78DE8C931A08}
		{68DC9F11-567F-4A51-85E6-4C87994F9FFF} = {6E9C8ACC-7A1B-47F4-B7C0-78DE8C931A08}
		{4539721A-947F-4AD1-B007-EE695761B8F9} = {6E9C8ACC-7A1B-47F4-B7C0-78DE8C931A08}
		{1C4B4036-9C17-49AD-B087-A4D044296D1A} = {6E9C8ACC-7A1B-47F4-B7C0-78DE8C931A08}
		{93FBF3ED-A6F3-4EBF-8779-A398D6654C03} = {6E9C8ACC-7A1B-47F4-B7C0-78DE8C931A08}
		{74003456-8C80-402A-AD68-24B02350ADDC} = {6E9C8ACC-7A1B-47F4-B7C0-78DE8C931A08}
		{33749EF7-49CE-4564-BF9D-5713806CC646} = {6E9C8ACC-7A1B-47F4-B7C0-78DE8C931A08}
		{D017ECF1-F2E3-4EAF-970B-F46991AD86F6} = {6E9C8ACC-7A1B-47F4-B7C0-78DE8C931A08}
		{1D6B0790-DE5A-4057-AC65-76FA2E7EF198} = {6E9C8ACC-7A1B-47F4-B7C0-78DE8C931A08}
		{E0ACD46D-CE78-4B04-B0F7-110ACE118EAD} = {6E9C8ACC-7A1B-47F4-B7C0-78DE8C931A08}
	EndGlobalSection
	GlobalSection(ExtensibilityGlobals) = postSolution
		SolutionGuid = {CFDC1B98-55BE-40C3-BF95-A2BA8182DC40}
	EndGlobalSection
EndGlobal
