
Microsoft Visual Studio Solution File, Format Version 12.00
# Visual Studio 15
VisualStudioVersion = 15.0.27130.2036
MinimumVisualStudioVersion = 10.0.40219.1
Project("{2150E333-8FDC-42A3-9474-1A3956D46DE8}") = "Solution Items", "Solution Items", "{41240983-0CDD-4312-AB28-7FA8DE338126}"
	ProjectSection(SolutionItems) = preProject
		StyleCope.ruleset = StyleCope.ruleset
	EndProjectSection
EndProject
Project("{2150E333-8FDC-42A3-9474-1A3956D46DE8}") = "Examples", "Examples", "{D68226E5-B167-48D9-985C-B13CA6538634}"
EndProject
Project("{9A19103F-16F7-4668-BE54-9A1E7A4F7556}") = "SqlDatabase", "SqlDatabase\SqlDatabase.csproj", "{0A34B57C-291A-486B-8CD7-3AE55B6ACCD9}"
EndProject
Project("{9A19103F-16F7-4668-BE54-9A1E7A4F7556}") = "SqlDatabase.Test", "SqlDatabase.Test\SqlDatabase.Test.csproj", "{1B458B5B-D39C-4247-BFB9-A5D9B8D4D85C}"
EndProject
Project("{9A19103F-16F7-4668-BE54-9A1E7A4F7556}") = "CSharpMirationStep", "..\Examples\CSharpMirationStep\CSharpMirationStep.csproj", "{8FE68E2C-586F-4E22-BDA3-4E65473BC3D7}"
EndProject
Project("{9A19103F-16F7-4668-BE54-9A1E7A4F7556}") = "SqlDatabase.PowerShell", "SqlDatabase.PowerShell\SqlDatabase.PowerShell.csproj", "{47A4BE25-2B58-484C-956D-F1DF53A9269D}"
EndProject
Project("{9A19103F-16F7-4668-BE54-9A1E7A4F7556}") = "SqlDatabase.PowerShell.Test", "SqlDatabase.PowerShell.Test\SqlDatabase.PowerShell.Test.csproj", "{4F35E6D2-99FB-4B7B-90A5-3BFA936FB8CF}"
EndProject
Project("{FAE04EC0-301F-11D3-BF4B-00C04F79EFBC}") = "SqlDatabase.Package", "SqlDatabase.Package\SqlDatabase.Package.csproj", "{F986789D-F9B3-42B4-AA4B-4C0A63011F5D}"
EndProject
Global
	GlobalSection(SolutionConfigurationPlatforms) = preSolution
		Debug|Any CPU = Debug|Any CPU
		Release|Any CPU = Release|Any CPU
	EndGlobalSection
	GlobalSection(ProjectConfigurationPlatforms) = postSolution
		{0A34B57C-291A-486B-8CD7-3AE55B6ACCD9}.Debug|Any CPU.ActiveCfg = Debug|Any CPU
		{0A34B57C-291A-486B-8CD7-3AE55B6ACCD9}.Debug|Any CPU.Build.0 = Debug|Any CPU
		{0A34B57C-291A-486B-8CD7-3AE55B6ACCD9}.Release|Any CPU.ActiveCfg = Release|Any CPU
		{0A34B57C-291A-486B-8CD7-3AE55B6ACCD9}.Release|Any CPU.Build.0 = Release|Any CPU
		{1B458B5B-D39C-4247-BFB9-A5D9B8D4D85C}.Debug|Any CPU.ActiveCfg = Debug|Any CPU
		{1B458B5B-D39C-4247-BFB9-A5D9B8D4D85C}.Debug|Any CPU.Build.0 = Debug|Any CPU
		{1B458B5B-D39C-4247-BFB9-A5D9B8D4D85C}.Release|Any CPU.ActiveCfg = Release|Any CPU
		{1B458B5B-D39C-4247-BFB9-A5D9B8D4D85C}.Release|Any CPU.Build.0 = Release|Any CPU
		{8FE68E2C-586F-4E22-BDA3-4E65473BC3D7}.Debug|Any CPU.ActiveCfg = Debug|Any CPU
		{8FE68E2C-586F-4E22-BDA3-4E65473BC3D7}.Debug|Any CPU.Build.0 = Debug|Any CPU
		{8FE68E2C-586F-4E22-BDA3-4E65473BC3D7}.Release|Any CPU.ActiveCfg = Release|Any CPU
		{8FE68E2C-586F-4E22-BDA3-4E65473BC3D7}.Release|Any CPU.Build.0 = Release|Any CPU
		{47A4BE25-2B58-484C-956D-F1DF53A9269D}.Debug|Any CPU.ActiveCfg = Debug|Any CPU
		{47A4BE25-2B58-484C-956D-F1DF53A9269D}.Debug|Any CPU.Build.0 = Debug|Any CPU
		{47A4BE25-2B58-484C-956D-F1DF53A9269D}.Release|Any CPU.ActiveCfg = Release|Any CPU
		{47A4BE25-2B58-484C-956D-F1DF53A9269D}.Release|Any CPU.Build.0 = Release|Any CPU
		{4F35E6D2-99FB-4B7B-90A5-3BFA936FB8CF}.Debug|Any CPU.ActiveCfg = Debug|Any CPU
		{4F35E6D2-99FB-4B7B-90A5-3BFA936FB8CF}.Debug|Any CPU.Build.0 = Debug|Any CPU
		{4F35E6D2-99FB-4B7B-90A5-3BFA936FB8CF}.Release|Any CPU.ActiveCfg = Release|Any CPU
		{4F35E6D2-99FB-4B7B-90A5-3BFA936FB8CF}.Release|Any CPU.Build.0 = Release|Any CPU
		{F986789D-F9B3-42B4-AA4B-4C0A63011F5D}.Debug|Any CPU.ActiveCfg = Debug|Any CPU
		{F986789D-F9B3-42B4-AA4B-4C0A63011F5D}.Debug|Any CPU.Build.0 = Debug|Any CPU
		{F986789D-F9B3-42B4-AA4B-4C0A63011F5D}.Release|Any CPU.ActiveCfg = Release|Any CPU
		{F986789D-F9B3-42B4-AA4B-4C0A63011F5D}.Release|Any CPU.Build.0 = Release|Any CPU
	EndGlobalSection
	GlobalSection(SolutionProperties) = preSolution
		HideSolutionNode = FALSE
	EndGlobalSection
	GlobalSection(NestedProjects) = preSolution
		{8FE68E2C-586F-4E22-BDA3-4E65473BC3D7} = {D68226E5-B167-48D9-985C-B13CA6538634}
	EndGlobalSection
	GlobalSection(ExtensibilityGlobals) = postSolution
		SolutionGuid = {CFDC1B98-55BE-40C3-BF95-A2BA8182DC40}
	EndGlobalSection
EndGlobal
